
Microsoft Visual Studio Solution File, Format Version 11.00
# Visual Studio 2010
Project("{FAE04EC0-301F-11D3-BF4B-00C04F79EFBC}") = "Assembly-CSharp", "Assembly-CSharp.csproj", "{64E8A3A9-98E1-D0AF-AD42-26EB98AAC913}"
EndProject
Global
	GlobalSection(SolutionConfigurationPlatforms) = preSolution
		Debug|Any CPU = Debug|Any CPU
		Release|Any CPU = Release|Any CPU
	EndGlobalSection
	GlobalSection(ProjectConfigurationPlatforms) = postSolution
		{64E8A3A9-98E1-D0AF-AD42-26EB98AAC913}.Debug|Any CPU.ActiveCfg = Debug|Any CPU
		{64E8A3A9-98E1-D0AF-AD42-26EB98AAC913}.Debug|Any CPU.Build.0 = Debug|Any CPU
		{64E8A3A9-98E1-D0AF-AD42-26EB98AAC913}.Release|Any CPU.ActiveCfg = Release|Any CPU
		{64E8A3A9-98E1-D0AF-AD42-26EB98AAC913}.Release|Any CPU.Build.0 = Release|Any CPU
	EndGlobalSection
	GlobalSection(SolutionProperties) = preSolution
		HideSolutionNode = FALSE
	EndGlobalSection
	GlobalSection(MonoDevelopProperties) = preSolution
		StartupItem = Assembly-CSharp.csproj
	EndGlobalSection
EndGlobal
